# THIS IS AN AUTOGENERATED FILE. DO NOT EDIT THIS FILE DIRECTLY.
# yarn lockfile v1


async-each@~0.1.5:
  version "0.1.6"
  resolved "https://registry.yarnpkg.com/async-each/-/async-each-0.1.6.tgz#b67e99edcddf96541e44af56290cd7d5c6e70439"
  integrity sha512-+AOhqLFrKKsf3E6oWhYzSX/YPEZztxHi6W3TU6LoQFuZjzSt5tqITd0ZJh2Qy3vsWoFj6HTIEBRKqPiS70HzjQ==

chokidar@^0.12.4:
  version "0.12.6"
  resolved "https://registry.yarnpkg.com/chokidar/-/chokidar-0.12.6.tgz#be204f5b9634e009311256e5d6e8e0e508284d2f"
  integrity sha512-nMQqT43NJ46Yc75wx9pQ7p/yhzg/5qXHPcgHKUcTLCdcUr1xMUM92SSY4sfGNpJ2zRHQqUsk1hnlP4GW8mm0Aw==
  dependencies:
    async-each "~0.1.5"
    readdirp "~1.3.0"
  optionalDependencies:
    fsevents "~0.3.1"

colors@1.0.3:
  version "1.0.3"
  resolved "https://registry.yarnpkg.com/colors/-/colors-1.0.3.tgz#0433f44d809680fdeb60ed260f1b0c262e82a40b"
  integrity sha512-pFGrxThWcWQ2MsAz6RtgeWe4NK2kUE1WfsrvvlctdII745EW9I0yflqhe7++M5LEc7bV2c/9/5zc8sFcpL0Drw==

core-util-is@~1.0.0:
  version "1.0.3"
  resolved "https://registry.yarnpkg.com/core-util-is/-/core-util-is-1.0.3.tgz#a6042d3634c2b27e9328f837b965fac83808db85"
  integrity sha512-ZQBvi1DcpJ4GDqanjucZ2Hj3wEO5pZDS89BWbkcrvdxksJorwUDDZamX9ldFkp9aw2lmBDLgkObEA4DWNJ9FYQ==

fsevents@~0.3.1:
  version "0.3.8"
  resolved "https://registry.yarnpkg.com/fsevents/-/fsevents-0.3.8.tgz#9992f1032c925c829554d0d59801dca0313a5356"
  integrity sha512-3vlmn1QaPoqSnhnorLFlp3+r3dUCZ8eZlaew+H8QhqB+0YBc9HSITh9wiZo76KYYExTC9DwG6otE/OzwbBLVIw==
  dependencies:
    nan "^2.0.2"

graceful-fs@~2.0.0:
  version "2.0.3"
  resolved "https://registry.yarnpkg.com/graceful-fs/-/graceful-fs-2.0.3.tgz#7cd2cdb228a4a3f36e95efa6cc142de7d1a136d0"
  integrity sha512-hcj/NTUWv+C3MbqrVb9F+aH6lvTwEHJdx2foBxlrVq5h6zE8Bfu4pv4CAAqbDcZrw/9Ak5lsRXlY9Ao8/F0Tuw==

he@~0.4.1:
  version "0.4.1"
  resolved "https://registry.yarnpkg.com/he/-/he-0.4.1.tgz#c86667614d2dd71bc737a197c760fb2eec8a1921"
  integrity sha512-wFn1JlcsgbcWEawQ6A1GztgNRRl6UyEtaARIDpAeH3c35T/9id/QQKvap1NAz6Yk2oKrKwXQZZFERS0tl9E0Jg==

inherits@~2.0.1:
  version "2.0.4"
  resolved "https://registry.yarnpkg.com/inherits/-/inherits-2.0.4.tgz#0fa2c64f932917c3433a0ded55363aae37416b7c"
  integrity sha512-k/vGaX4/Yla3WzyMCvTQOXYeIHvqOKtnqBduzTHpzpQZzAskKMhZ2K+EnBiSM9zGSoIFeMpXKxa4dYeZIQqewQ==

isarray@0.0.1:
  version "0.0.1"
  resolved "https://registry.yarnpkg.com/isarray/-/isarray-0.0.1.tgz#8a18acfca9a8f4177e09abfc6038939b05d1eedf"
  integrity sha512-D2S+3GLxWH+uhrNEcoh/fnmYeP8E8/zHl644d/jdA0g2uyXvy3sb0qxotE+ne0LtccHknQzWwZEzhak7oJ0COQ==

lru-cache@2:
  version "2.7.3"
  resolved "https://registry.yarnpkg.com/lru-cache/-/lru-cache-2.7.3.tgz#6d4524e8b955f95d4f5b58851ce21dd72fb4e952"
  integrity sha512-WpibWJ60c3AgAz8a2iYErDrcT2C7OmKnsWhIcHOjkUHFjkXncJhtLxNSqUmxRxRunpb5I8Vprd7aNSd2NtksJQ==

mime@1.2.x:
  version "1.2.11"
  resolved "https://registry.yarnpkg.com/mime/-/mime-1.2.11.tgz#58203eed86e3a5ef17aed2b7d9ebd47f0a60dd10"
  integrity sha512-Ysa2F/nqTNGHhhm9MV8ure4+Hc+Y8AWiqUdHxsO7xu8zc92ND9f3kpALHjaP026Ft17UfxrMt95c50PLUeynBw==

minimatch@~0.2.12:
  version "0.2.14"
  resolved "https://registry.yarnpkg.com/minimatch/-/minimatch-0.2.14.tgz#c74e780574f63c6f9a090e90efbe6ef53a6a756a"
  integrity sha512-zZ+Jy8lVWlvqqeM8iZB7w7KmQkoJn8djM585z88rywrEbzoqawVa9FR5p2hwD+y74nfuKOjmNvi9gtWJNLqHvA==
  dependencies:
    lru-cache "2"
    sigmund "~1.0.0"

minimist@~0.0.1, minimist@~0.0.5:
  version "0.0.10"
  resolved "https://registry.yarnpkg.com/minimist/-/minimist-0.0.10.tgz#de3f98543dbf96082be48ad1a0c7cda836301dcf"
  integrity sha512-iotkTvxc+TwOm5Ieim8VnSNvCDjCK9S8G3scJ50ZthspSxa7jx50jkhYduuAtAjvfDUwSgOwf8+If99AlOEhyw==

mkdirp@0.0.x:
  version "0.0.7"
  resolved "https://registry.yarnpkg.com/mkdirp/-/mkdirp-0.0.7.tgz#d89b4f0e4c3e5e5ca54235931675e094fe1a5072"
  integrity sha512-r4Ml2CH2Kl4B0+Lwq1SVru0vjMxdtR+UEb938WTQcsnU+EJz8dUV/HY0LTZh466nUSljia9cvqW3LZLWs3l8LQ==

nan@1.4.x:
  version "1.4.3"
  resolved "https://registry.yarnpkg.com/nan/-/nan-1.4.3.tgz#c56b5404698063696f597435f9163c312aea5009"
  integrity sha512-sZJUTDM4+nDMorRUb2WS0nv5ihun+xqlHhKgKCKi0s4nI/tj5NVHlEm13hEySdZ15iAORPaJ50Gv6yi93bPPIw==

nan@^2.0.2:
  version "2.17.0"
  resolved "https://registry.yarnpkg.com/nan/-/nan-2.17.0.tgz#c0150a2368a182f033e9aa5195ec76ea41a199cb"
  integrity sha512-2ZTgtl0nJsO0KQCjEpxcIr5D+Yv90plTitZt9JBfQvVJDS5seMl3FOvsh3+9CoYWXf/1l5OaZzzF6nDm4cagaQ==

opener@~1.4.0:
  version "1.4.3"
  resolved "https://registry.yarnpkg.com/opener/-/opener-1.4.3.tgz#5c6da2c5d7e5831e8ffa3964950f8d6674ac90b8"
  integrity sha512-4Im9TrPJcjAYyGR5gBe3yZnBzw5n3Bfh1ceHHGNOpMurINKc6RdSIPXMyon4BZacJbJc36lLkhipioGbWh5pwg==

optimist@0.6.x:
  version "0.6.1"
  resolved "https://registry.yarnpkg.com/optimist/-/optimist-0.6.1.tgz#da3ea74686fa21a19a111c326e90eb15a0196686"
  integrity sha512-snN4O4TkigujZphWLN0E//nQmm7790RYaE53DdL7ZYwee2D8DDo9/EyYiKUfN3rneWUjhJnueija3G9I2i0h3g==
  dependencies:
    minimist "~0.0.1"
    wordwrap "~0.0.2"

options@>=0.0.5:
  version "0.0.6"
  resolved "https://registry.yarnpkg.com/options/-/options-0.0.6.tgz#ec22d312806bb53e731773e7cdaefcf1c643128f"
  integrity sha512-bOj3L1ypm++N+n7CEbbe473A414AB7z+amKYshRb//iuL3MpdDCLhPnw6aVTdKB9g5ZRVHIEp8eUln6L2NUStg==

portfinder@0.2.x:
  version "0.2.1"
  resolved "https://registry.yarnpkg.com/portfinder/-/portfinder-0.2.1.tgz#b2b9b0164f9e17fa3a9c7db2304d0a75140c71ad"
  integrity sha512-U7dHe7mfMMP5cIwbqBHh/likunxAEiBsQLiThUWjyeRK6/C3um2uk+VGiekUW8q3h+s793gdNfagCM3aaXMeOg==
  dependencies:
    mkdirp "0.0.x"

qs@~2.3.3:
  version "2.3.3"
  resolved "https://registry.yarnpkg.com/qs/-/qs-2.3.3.tgz#e9e85adbe75da0bbe4c8e0476a086290f863b404"
  integrity sha512-f5M0HQqZWkzU8GELTY8LyMrGkr3bPjKoFtTkwUEqJQbcljbeK8M7mliP9Ia2xoOI6oMerp+QPS7oYJtpGmWe/A==

readable-stream@~1.0.26-2:
  version "1.0.34"
  resolved "https://registry.yarnpkg.com/readable-stream/-/readable-stream-1.0.34.tgz#125820e34bc842d2f2aaafafe4c2916ee32c157c"
  integrity sha512-ok1qVCJuRkNmvebYikljxJA/UEsKwLl2nI1OmaqAu4/UE+h0wKCHok4XkL/gvi39OacXvw59RJUOFUkDib2rHg==
  dependencies:
    core-util-is "~1.0.0"
    inherits "~2.0.1"
    isarray "0.0.1"
    string_decoder "~0.10.x"

readdirp@~1.3.0:
  version "1.3.0"
  resolved "https://registry.yarnpkg.com/readdirp/-/readdirp-1.3.0.tgz#eaf1a9b463be9a8190fc9ae163aa1ac934aa340b"
  integrity sha512-H1BGeo9VW8nmdwGo64SKRQgNNZwEuqtVUHijOoTDYIpqJGNKU65JaRXL3iqa/8tmVJ9jfoKY+soTznq0cOruTw==
  dependencies:
    graceful-fs "~2.0.0"
    minimatch "~0.2.12"
    readable-stream "~1.0.26-2"

sexstatic@~0.6.x:
  version "0.6.2"
  resolved "https://registry.yarnpkg.com/sexstatic/-/sexstatic-0.6.2.tgz#a845f8ab92e29b96c4dd583c911c3961217917c6"
  integrity sha512-r/E1YWB6q6/SYepc8cdn1lk/CdAXYvVqohGNYbkhPMmqdhhJlHEgcchBqSKHfph46aLW7QDTHuV7O9sXstsASQ==
  dependencies:
    he "~0.4.1"
    mime "1.2.x"
    minimist "~0.0.5"

sigmund@~1.0.0:
  version "1.0.1"
  resolved "https://registry.yarnpkg.com/sigmund/-/sigmund-1.0.1.tgz#3ff21f198cad2175f9f3b781853fd94d0d19b590"
  integrity sha512-fCvEXfh6NWpm+YSuY2bpXb/VIihqWA6hLsgboC+0nl71Q7N7o2eaCW8mJa/NLvQhs6jpd3VZV4UiUQlV6+lc8g==

string_decoder@~0.10.x:
  version "0.10.31"
  resolved "https://registry.yarnpkg.com/string_decoder/-/string_decoder-0.10.31.tgz#62e203bc41766c6c28c9fc84301dab1c5310fa94"
  integrity sha512-ev2QzSzWPYmy9GuqfIVildA4OdcGLeFZQrq5ys6RtiuF+RQQiZWr8TZNyAcuVXyQRYfEO+MsoB/1BuQVhOJuoQ==

ultron@1.0.x:
  version "1.0.2"
  resolved "https://registry.yarnpkg.com/ultron/-/ultron-1.0.2.tgz#ace116ab557cd197386a4e88f4685378c8b2e4fa"
  integrity sha512-QMpnpVtYaWEeY+MwKDN/UdKlE/LsFZXM5lO1u7GaZzNgmIbGixHEmVMIKT+vqYOALu3m5GYQy9kz4Xu4IVn7Ow==

union@~0.4.3:
  version "0.4.6"
  resolved "https://registry.yarnpkg.com/union/-/union-0.4.6.tgz#198fbdaeba254e788b0efcb630bc11f24a2959e0"
  integrity sha512-2qtrvSgD0GKotLRCNYkIMUOzoaHjXKCtbAP0kc5Po6D+RWTBb+BxlcHlHCYcf+Y+YM7eQicPgAg9mnWQvtoFVA==
  dependencies:
    qs "~2.3.3"

watch-http-server@^0.7.6:
  version "0.7.6"
  resolved "https://registry.yarnpkg.com/watch-http-server/-/watch-http-server-0.7.6.tgz#69782084f112707499ae07488abb5ffff54b2bf4"
  integrity sha512-RFDwutg6npqy8R1//vLkPXnfEvkwM51PdEZkwVpttz1tYW4JVzlOXJlfEd32QwLmzCt2EgCTdnlyx0wvJGpHeg==
  dependencies:
    chokidar "^0.12.4"
    colors "1.0.3"
    opener "~1.4.0"
    optimist "0.6.x"
    portfinder "0.2.x"
    sexstatic "~0.6.x"
    union "~0.4.3"
    ws "^0.6.3"

wordwrap@~0.0.2:
  version "0.0.3"
  resolved "https://registry.yarnpkg.com/wordwrap/-/wordwrap-0.0.3.tgz#a3d5da6cd5c0bc0008d37234bbaf1bed63059107"
  integrity sha512-1tMA907+V4QmxV7dbRvb4/8MaRALK6q9Abid3ndMYnbyo8piisCmeONVqVSXqQA3KaP4SLt5b7ud6E2sqP8TFw==

ws@^0.6.3:
  version "0.6.5"
  resolved "https://registry.yarnpkg.com/ws/-/ws-0.6.5.tgz#f00844001ca393b003681ff32838e72a560dafd4"
  integrity sha512-USH6S6I3kVLbZQ3+MwoC1gSGeQ9NTT5SCqhbtqLLJjPa+nv0I7zzzPyQSVAm10NzyMHa2rD4ZGnIbnFgarSQWg==
  dependencies:
    nan "1.4.x"
    options ">=0.0.5"
    ultron "1.0.x"
